
Microsoft Visual Studio Solution File, Format Version 12.00
# Visual Studio Version 17
VisualStudioVersion = 17.11.35303.130
MinimumVisualStudioVersion = 10.0.40219.1
Project("{FAE04EC0-301F-11D3-BF4B-00C04F79EFBC}") = "TCC-HomeWork", "TCC-HomeWork\TCC-HomeWork.csproj", "{3C0B8AE2-0873-4F56-AFB4-6B168B5FEB29}"
EndProject
Global
	GlobalSection(SolutionConfigurationPlatforms) = preSolution
		Debug|Any CPU = Debug|Any CPU
		Release|Any CPU = Release|Any CPU
	EndGlobalSection
	GlobalSection(ProjectConfigurationPlatforms) = postSolution
		{3C0B8AE2-0873-4F56-AFB4-6B168B5FEB29}.Debug|Any CPU.ActiveCfg = Debug|Any CPU
		{3C0B8AE2-0873-4F56-AFB4-6B168B5FEB29}.Debug|Any CPU.Build.0 = Debug|Any CPU
		{3C0B8AE2-0873-4F56-AFB4-6B168B5FEB29}.Release|Any CPU.ActiveCfg = Release|Any CPU
		{3C0B8AE2-0873-4F56-AFB4-6B168B5FEB29}.Release|Any CPU.Build.0 = Release|Any CPU
	EndGlobalSection
	GlobalSection(SolutionProperties) = preSolution
		HideSolutionNode = FALSE
	EndGlobalSection
	GlobalSection(ExtensibilityGlobals) = postSolution
		SolutionGuid = {4C758EC1-1CB3-44E6-917B-197004685D29}
	EndGlobalSection
EndGlobal
